
Microsoft Visual Studio Solution File, Format Version 12.00
# Visual Studio Version 17
VisualStudioVersion = 17.0.31903.59
MinimumVisualStudioVersion = 10.0.40219.1
Project("{2150E333-8FDC-42A3-9474-1A3956D46DE8}") = "src", "src", "{827E0CD3-B72D-47B6-A68D-7590B98EB39B}"
EndProject
Project("{FAE04EC0-301F-11D3-BF4B-00C04F79EFBC}") = "LocalCloud.Server", "src\LocalCloud.Server\LocalCloud.Server.csproj", "{A14BAA58-BF79-4E1A-92F2-F85DB8790F91}"
EndProject
Project("{FAE04EC0-301F-11D3-BF4B-00C04F79EFBC}") = "LocalCloud.Infrastructure", "src\LocalCloud.Infrastructure\LocalCloud.Infrastructure.csproj", "{27417A2F-2D1B-4645-A195-DB2C1454BB39}"
EndProject
Project("{FAE04EC0-301F-11D3-BF4B-00C04F79EFBC}") = "LocalCloud.Core", "src\LocalCloud.Core\LocalCloud.Core.csproj", "{351C54EC-E340-47C3-8D1B-703B5ED0EF69}"
EndProject
Project("{FAE04EC0-301F-11D3-BF4B-00C04F79EFBC}") = "LocalCloud.Desktop", "src\LocalCloud.Desktop\LocalCloud.Desktop.csproj", "{74E0F71A-1232-4476-AF3E-B50B02D66655}"
EndProject
Project("{2150E333-8FDC-42A3-9474-1A3956D46DE8}") = "tests", "tests", "{0AB3BF05-4346-4AA6-1389-037BE0695223}"
EndProject
Project("{FAE04EC0-301F-11D3-BF4B-00C04F79EFBC}") = "LocalCloud.Tests", "tests\LocalCloud.Tests\LocalCloud.Tests.csproj", "{90AE9FFB-CE9F-48AB-9BCA-B4AB453E3E9E}"
EndProject
Project("{FAE04EC0-301F-11D3-BF4B-00C04F79EFBC}") = "LocalCloud.Updater", "src\LocalCloud.Updater\LocalCloud.Updater.csproj", "{27239FE9-5598-4FCE-9000-23C70E8CF221}"
EndProject
Global
	GlobalSection(SolutionConfigurationPlatforms) = preSolution
		Debug|Any CPU = Debug|Any CPU
		Debug|x64 = Debug|x64
		Debug|x86 = Debug|x86
		Release|Any CPU = Release|Any CPU
		Release|x64 = Release|x64
		Release|x86 = Release|x86
	EndGlobalSection
	GlobalSection(ProjectConfigurationPlatforms) = postSolution
		{A14BAA58-BF79-4E1A-92F2-F85DB8790F91}.Debug|Any CPU.ActiveCfg = Debug|Any CPU
		{A14BAA58-BF79-4E1A-92F2-F85DB8790F91}.Debug|Any CPU.Build.0 = Debug|Any CPU
		{A14BAA58-BF79-4E1A-92F2-F85DB8790F91}.Debug|x64.ActiveCfg = Debug|Any CPU
		{A14BAA58-BF79-4E1A-92F2-F85DB8790F91}.Debug|x64.Build.0 = Debug|Any CPU
		{A14BAA58-BF79-4E1A-92F2-F85DB8790F91}.Debug|x86.ActiveCfg = Debug|Any CPU
		{A14BAA58-BF79-4E1A-92F2-F85DB8790F91}.Debug|x86.Build.0 = Debug|Any CPU
		{A14BAA58-BF79-4E1A-92F2-F85DB8790F91}.Release|Any CPU.ActiveCfg = Release|Any CPU
		{A14BAA58-BF79-4E1A-92F2-F85DB8790F91}.Release|Any CPU.Build.0 = Release|Any CPU
		{A14BAA58-BF79-4E1A-92F2-F85DB8790F91}.Release|x64.ActiveCfg = Release|Any CPU
		{A14BAA58-BF79-4E1A-92F2-F85DB8790F91}.Release|x64.Build.0 = Release|Any CPU
		{A14BAA58-BF79-4E1A-92F2-F85DB8790F91}.Release|x86.ActiveCfg = Release|Any CPU
		{A14BAA58-BF79-4E1A-92F2-F85DB8790F91}.Release|x86.Build.0 = Release|Any CPU
		{27417A2F-2D1B-4645-A195-DB2C1454BB39}.Debug|Any CPU.ActiveCfg = Debug|Any CPU
		{27417A2F-2D1B-4645-A195-DB2C1454BB39}.Debug|Any CPU.Build.0 = Debug|Any CPU
		{27417A2F-2D1B-4645-A195-DB2C1454BB39}.Debug|x64.ActiveCfg = Debug|Any CPU
		{27417A2F-2D1B-4645-A195-DB2C1454BB39}.Debug|x64.Build.0 = Debug|Any CPU
		{27417A2F-2D1B-4645-A195-DB2C1454BB39}.Debug|x86.ActiveCfg = Debug|Any CPU
		{27417A2F-2D1B-4645-A195-DB2C1454BB39}.Debug|x86.Build.0 = Debug|Any CPU
		{27417A2F-2D1B-4645-A195-DB2C1454BB39}.Release|Any CPU.ActiveCfg = Release|Any CPU
		{27417A2F-2D1B-4645-A195-DB2C1454BB39}.Release|Any CPU.Build.0 = Release|Any CPU
		{27417A2F-2D1B-4645-A195-DB2C1454BB39}.Release|x64.ActiveCfg = Release|Any CPU
		{27417A2F-2D1B-4645-A195-DB2C1454BB39}.Release|x64.Build.0 = Release|Any CPU
		{27417A2F-2D1B-4645-A195-DB2C1454BB39}.Release|x86.ActiveCfg = Release|Any CPU
		{27417A2F-2D1B-4645-A195-DB2C1454BB39}.Release|x86.Build.0 = Release|Any CPU
		{351C54EC-E340-47C3-8D1B-703B5ED0EF69}.Debug|Any CPU.ActiveCfg = Debug|Any CPU
		{351C54EC-E340-47C3-8D1B-703B5ED0EF69}.Debug|Any CPU.Build.0 = Debug|Any CPU
		{351C54EC-E340-47C3-8D1B-703B5ED0EF69}.Debug|x64.ActiveCfg = Debug|Any CPU
		{351C54EC-E340-47C3-8D1B-703B5ED0EF69}.Debug|x64.Build.0 = Debug|Any CPU
		{351C54EC-E340-47C3-8D1B-703B5ED0EF69}.Debug|x86.ActiveCfg = Debug|Any CPU
		{351C54EC-E340-47C3-8D1B-703B5ED0EF69}.Debug|x86.Build.0 = Debug|Any CPU
		{351C54EC-E340-47C3-8D1B-703B5ED0EF69}.Release|Any CPU.ActiveCfg = Release|Any CPU
		{351C54EC-E340-47C3-8D1B-703B5ED0EF69}.Release|Any CPU.Build.0 = Release|Any CPU
		{351C54EC-E340-47C3-8D1B-703B5ED0EF69}.Release|x64.ActiveCfg = Release|Any CPU
		{351C54EC-E340-47C3-8D1B-703B5ED0EF69}.Release|x64.Build.0 = Release|Any CPU
		{351C54EC-E340-47C3-8D1B-703B5ED0EF69}.Release|x86.ActiveCfg = Release|Any CPU
		{351C54EC-E340-47C3-8D1B-703B5ED0EF69}.Release|x86.Build.0 = Release|Any CPU
		{74E0F71A-1232-4476-AF3E-B50B02D66655}.Debug|Any CPU.ActiveCfg = Debug|Any CPU
		{74E0F71A-1232-4476-AF3E-B50B02D66655}.Debug|Any CPU.Build.0 = Debug|Any CPU
		{74E0F71A-1232-4476-AF3E-B50B02D66655}.Debug|x64.ActiveCfg = Debug|Any CPU
		{74E0F71A-1232-4476-AF3E-B50B02D66655}.Debug|x64.Build.0 = Debug|Any CPU
		{74E0F71A-1232-4476-AF3E-B50B02D66655}.Debug|x86.ActiveCfg = Debug|Any CPU
		{74E0F71A-1232-4476-AF3E-B50B02D66655}.Debug|x86.Build.0 = Debug|Any CPU
		{74E0F71A-1232-4476-AF3E-B50B02D66655}.Release|Any CPU.ActiveCfg = Release|Any CPU
		{74E0F71A-1232-4476-AF3E-B50B02D66655}.Release|Any CPU.Build.0 = Release|Any CPU
		{74E0F71A-1232-4476-AF3E-B50B02D66655}.Release|x64.ActiveCfg = Release|Any CPU
		{74E0F71A-1232-4476-AF3E-B50B02D66655}.Release|x64.Build.0 = Release|Any CPU
		{74E0F71A-1232-4476-AF3E-B50B02D66655}.Release|x86.ActiveCfg = Release|Any CPU
		{74E0F71A-1232-4476-AF3E-B50B02D66655}.Release|x86.Build.0 = Release|Any CPU
		{90AE9FFB-CE9F-48AB-9BCA-B4AB453E3E9E}.Debug|Any CPU.ActiveCfg = Debug|Any CPU
		{90AE9FFB-CE9F-48AB-9BCA-B4AB453E3E9E}.Debug|Any CPU.Build.0 = Debug|Any CPU
		{90AE9FFB-CE9F-48AB-9BCA-B4AB453E3E9E}.Debug|x64.ActiveCfg = Debug|Any CPU
		{90AE9FFB-CE9F-48AB-9BCA-B4AB453E3E9E}.Debug|x64.Build.0 = Debug|Any CPU
		{90AE9FFB-CE9F-48AB-9BCA-B4AB453E3E9E}.Debug|x86.ActiveCfg = Debug|Any CPU
		{90AE9FFB-CE9F-48AB-9BCA-B4AB453E3E9E}.Debug|x86.Build.0 = Debug|Any CPU
		{90AE9FFB-CE9F-48AB-9BCA-B4AB453E3E9E}.Release|Any CPU.ActiveCfg = Release|Any CPU
		{90AE9FFB-CE9F-48AB-9BCA-B4AB453E3E9E}.Release|Any CPU.Build.0 = Release|Any CPU
		{90AE9FFB-CE9F-48AB-9BCA-B4AB453E3E9E}.Release|x64.ActiveCfg = Release|Any CPU
		{90AE9FFB-CE9F-48AB-9BCA-B4AB453E3E9E}.Release|x64.Build.0 = Release|Any CPU
		{90AE9FFB-CE9F-48AB-9BCA-B4AB453E3E9E}.Release|x86.ActiveCfg = Release|Any CPU
		{90AE9FFB-CE9F-48AB-9BCA-B4AB453E3E9E}.Release|x86.Build.0 = Release|Any CPU
		{27239FE9-5598-4FCE-9000-23C70E8CF221}.Debug|Any CPU.ActiveCfg = Debug|Any CPU
		{27239FE9-5598-4FCE-9000-23C70E8CF221}.Debug|Any CPU.Build.0 = Debug|Any CPU
		{27239FE9-5598-4FCE-9000-23C70E8CF221}.Debug|x64.ActiveCfg = Debug|Any CPU
		{27239FE9-5598-4FCE-9000-23C70E8CF221}.Debug|x64.Build.0 = Debug|Any CPU
		{27239FE9-5598-4FCE-9000-23C70E8CF221}.Debug|x86.ActiveCfg = Debug|Any CPU
		{27239FE9-5598-4FCE-9000-23C70E8CF221}.Debug|x86.Build.0 = Debug|Any CPU
		{27239FE9-5598-4FCE-9000-23C70E8CF221}.Release|Any CPU.ActiveCfg = Release|Any CPU
		{27239FE9-5598-4FCE-9000-23C70E8CF221}.Release|Any CPU.Build.0 = Release|Any CPU
		{27239FE9-5598-4FCE-9000-23C70E8CF221}.Release|x64.ActiveCfg = Release|Any CPU
		{27239FE9-5598-4FCE-9000-23C70E8CF221}.Release|x64.Build.0 = Release|Any CPU
		{27239FE9-5598-4FCE-9000-23C70E8CF221}.Release|x86.ActiveCfg = Release|Any CPU
		{27239FE9-5598-4FCE-9000-23C70E8CF221}.Release|x86.Build.0 = Release|Any CPU
	EndGlobalSection
	GlobalSection(SolutionProperties) = preSolution
		HideSolutionNode = FALSE
	EndGlobalSection
	GlobalSection(NestedProjects) = preSolution
		{A14BAA58-BF79-4E1A-92F2-F85DB8790F91} = {827E0CD3-B72D-47B6-A68D-7590B98EB39B}
		{27417A2F-2D1B-4645-A195-DB2C1454BB39} = {827E0CD3-B72D-47B6-A68D-7590B98EB39B}
		{351C54EC-E340-47C3-8D1B-703B5ED0EF69} = {827E0CD3-B72D-47B6-A68D-7590B98EB39B}
		{74E0F71A-1232-4476-AF3E-B50B02D66655} = {827E0CD3-B72D-47B6-A68D-7590B98EB39B}
		{90AE9FFB-CE9F-48AB-9BCA-B4AB453E3E9E} = {0AB3BF05-4346-4AA6-1389-037BE0695223}
		{27239FE9-5598-4FCE-9000-23C70E8CF221} = {827E0CD3-B72D-47B6-A68D-7590B98EB39B}
	EndGlobalSection
EndGlobal
